
Microsoft Visual Studio Solution File, Format Version 12.00
# Visual Studio Version 17
VisualStudioVersion = 17.5.33530.505
MinimumVisualStudioVersion = 10.0.40219.1
Project("{FAE04EC0-301F-11D3-BF4B-00C04F79EFBC}") = "ForkFinder", "ForkFinder.csproj", "{ED5CD435-8276-433A-998A-119BEC7B90FD}"
EndProject
Global
	GlobalSection(SolutionConfigurationPlatforms) = preSolution
		Debug|Any CPU = Debug|Any CPU
		Release|Any CPU = Release|Any CPU
	EndGlobalSection
	GlobalSection(ProjectConfigurationPlatforms) = postSolution
		{ED5CD435-8276-433A-998A-119BEC7B90FD}.Debug|Any CPU.ActiveCfg = Debug|Any CPU
		{ED5CD435-8276-433A-998A-119BEC7B90FD}.Debug|Any CPU.Build.0 = Debug|Any CPU
		{ED5CD435-8276-433A-998A-119BEC7B90FD}.Release|Any CPU.ActiveCfg = Release|Any CPU
		{ED5CD435-8276-433A-998A-119BEC7B90FD}.Release|Any CPU.Build.0 = Release|Any CPU
	EndGlobalSection
	GlobalSection(SolutionProperties) = preSolution
		HideSolutionNode = FALSE
	EndGlobalSection
	GlobalSection(ExtensibilityGlobals) = postSolution
		SolutionGuid = {73B143AA-E51F-4061-A80C-2CB7F713E881}
	EndGlobalSection
EndGlobal
